PODS:
  - Alamofire (4.0.1)
  - PromiseKit (4.0.4):
    - PromiseKit/Foundation (= 4.0.4)
    - PromiseKit/QuartzCore (= 4.0.4)
    - PromiseKit/UIKit (= 4.0.4)
  - PromiseKit/CorePromise (4.0.4)
  - PromiseKit/Foundation (4.0.4):
    - PromiseKit/CorePromise
  - PromiseKit/QuartzCore (4.0.4):
    - PromiseKit/CorePromise
  - PromiseKit/UIKit (4.0.4):
    - PromiseKit/CorePromise
  - SwiftyJSON (3.1.1)

DEPENDENCIES:
  - Alamofire
  - PromiseKit
  - SwiftyJSON

SPEC CHECKSUMS:
  Alamofire: 7682d43245de14874acd142ec137b144aa1dd335
  PromiseKit: 8e8ee39d33ff199d92a1a883b5396f6285be6c91
  SwiftyJSON: f0be2e604f83e8405a624e9f891898bf6ed4e019

PODFILE CHECKSUM: 6ccbd242ecbb497877160b26b9cfb373e3909f74

COCOAPODS: 1.2.0
